// !$*UTF8*$!
{
	archiveVersion = 1;
	classes = {
	};
	objectVersion = 45;
	objects = {

/* Begin PBXBuildFile section */
		1D60589F0D05DD5A006BFB54 /* Foundation.framework in Frameworks */ = {isa = PBXBuildFile; fileRef = 1D30AB110D05D00D00671497 /* Foundation.framework */; };
		1DF5F4E00D08C38300B7A737 /* UIKit.framework in Frameworks */ = {isa = PBXBuildFile; fileRef = 1DF5F4DF0D08C38300B7A737 /* UIKit.framework */; };
		288765FD0DF74451002DB57D /* CoreGraphics.framework in Frameworks */ = {isa = PBXBuildFile; fileRef = 288765FC0DF74451002DB57D /* CoreGraphics.framework */; };
		DD6EC590130241F400FE744A /* ZZDemoCatalog.m in Sources */ = {isa = PBXBuildFile; fileRef = DD6EC58F130241F400FE744A /* ZZDemoCatalog.m */; };
		DD6EC5AC130245D900FE744A /* ZZTableController.m in Sources */ = {isa = PBXBuildFile; fileRef = DD6EC5AB130245D900FE744A /* ZZTableController.m */; };
		DD6EC5B11302471D00FE744A /* ZZDemoTableController.m in Sources */ = {isa = PBXBuildFile; fileRef = DD6EC5B01302471D00FE744A /* ZZDemoTableController.m */; };
		DD82A31312EAAA0200A980DB /* ZZCommon.m in Sources */ = {isa = PBXBuildFile; fileRef = DD82A30F12EAAA0200A980DB /* ZZCommon.m */; };
		DD82A31412EAAA0200A980DB /* ZZViewController.m in Sources */ = {isa = PBXBuildFile; fileRef = DD82A31212EAAA0200A980DB /* ZZViewController.m */; };
		DD92CE8312D5D8AB001872F6 /* ZZAppDelegate.m in Sources */ = {isa = PBXBuildFile; fileRef = DD92CE8012D5D8AB001872F6 /* ZZAppDelegate.m */; };
		DD92CE8512D5D8E8001872F6 /* main.m in Sources */ = {isa = PBXBuildFile; fileRef = DD92CE8412D5D8E8001872F6 /* main.m */; };
		DD92CEE812D5DC5F001872F6 /* ZZDemoViewController.m in Sources */ = {isa = PBXBuildFile; fileRef = DD92CEE712D5DC5F001872F6 /* ZZDemoViewController.m */; };
		DDBB79FE1303A184001B5F89 /* NSObject+SBJSON.m in Sources */ = {isa = PBXBuildFile; fileRef = DDBB79F51303A184001B5F89 /* NSObject+SBJSON.m */; };
		DDBB79FF1303A184001B5F89 /* NSString+SBJSON.m in Sources */ = {isa = PBXBuildFile; fileRef = DDBB79F71303A184001B5F89 /* NSString+SBJSON.m */; };
		DDBB7A001303A184001B5F89 /* SBJsonBase.m in Sources */ = {isa = PBXBuildFile; fileRef = DDBB79F91303A184001B5F89 /* SBJsonBase.m */; };
		DDBB7A011303A184001B5F89 /* SBJsonParser.m in Sources */ = {isa = PBXBuildFile; fileRef = DDBB79FB1303A184001B5F89 /* SBJsonParser.m */; };
		DDBB7A021303A184001B5F89 /* SBJsonWriter.m in Sources */ = {isa = PBXBuildFile; fileRef = DDBB79FD1303A184001B5F89 /* SBJsonWriter.m */; };
/* End PBXBuildFile section */

/* Begin PBXFileReference section */
		1D30AB110D05D00D00671497 /* Foundation.framework */ = {isa = PBXFileReference; lastKnownFileType = wrapper.framework; name = Foundation.framework; path = System/Library/Frameworks/Foundation.framework; sourceTree = SDKROOT; };
		1D6058910D05DD3D006BFB54 /* ZZ.app */ = {isa = PBXFileReference; explicitFileType = wrapper.application; includeInIndex = 0; path = ZZ.app; sourceTree = BUILT_PRODUCTS_DIR; };
		1DF5F4DF0D08C38300B7A737 /* UIKit.framework */ = {isa = PBXFileReference; lastKnownFileType = wrapper.framework; name = UIKit.framework; path = System/Library/Frameworks/UIKit.framework; sourceTree = SDKROOT; };
		288765FC0DF74451002DB57D /* CoreGraphics.framework */ = {isa = PBXFileReference; lastKnownFileType = wrapper.framework; name = CoreGraphics.framework; path = System/Library/Frameworks/CoreGraphics.framework; sourceTree = SDKROOT; };
		32CA4F630368D1EE00C91783 /* ZZ_Prefix.pch */ = {isa = PBXFileReference; fileEncoding = 4; lastKnownFileType = sourcecode.c.h; path = ZZ_Prefix.pch; sourceTree = "<group>"; };
		8D1107310486CEB800E47090 /* ZZ-Info.plist */ = {isa = PBXFileReference; fileEncoding = 4; lastKnownFileType = text.plist.xml; path = "ZZ-Info.plist"; plistStructureDefinitionIdentifier = "com.apple.xcode.plist.structure-definition.iphone.info-plist"; sourceTree = "<group>"; };
		DD6EC58E130241F400FE744A /* ZZDemoCatalog.h */ = {isa = PBXFileReference; fileEncoding = 4; lastKnownFileType = sourcecode.c.h; path = ZZDemoCatalog.h; sourceTree = "<group>"; };
		DD6EC58F130241F400FE744A /* ZZDemoCatalog.m */ = {isa = PBXFileReference; fileEncoding = 4; lastKnownFileType = sourcecode.c.objc; path = ZZDemoCatalog.m; sourceTree = "<group>"; };
		DD6EC5AA130245D900FE744A /* ZZTableController.h */ = {isa = PBXFileReference; fileEncoding = 4; lastKnownFileType = sourcecode.c.h; path = ZZTableController.h; sourceTree = "<group>"; };
		DD6EC5AB130245D900FE744A /* ZZTableController.m */ = {isa = PBXFileReference; fileEncoding = 4; lastKnownFileType = sourcecode.c.objc; path = ZZTableController.m; sourceTree = "<group>"; };
		DD6EC5AF1302471D00FE744A /* ZZDemoTableController.h */ = {isa = PBXFileReference; fileEncoding = 4; lastKnownFileType = sourcecode.c.h; path = ZZDemoTableController.h; sourceTree = "<group>"; };
		DD6EC5B01302471D00FE744A /* ZZDemoTableController.m */ = {isa = PBXFileReference; fileEncoding = 4; lastKnownFileType = sourcecode.c.objc; path = ZZDemoTableController.m; sourceTree = "<group>"; };
		DD82A30D12EAAA0200A980DB /* ZZ.h */ = {isa = PBXFileReference; fileEncoding = 4; lastKnownFileType = sourcecode.c.h; path = ZZ.h; sourceTree = "<group>"; };
		DD82A30E12EAAA0200A980DB /* ZZCommon.h */ = {isa = PBXFileReference; fileEncoding = 4; lastKnownFileType = sourcecode.c.h; path = ZZCommon.h; sourceTree = "<group>"; };
		DD82A30F12EAAA0200A980DB /* ZZCommon.m */ = {isa = PBXFileReference; fileEncoding = 4; lastKnownFileType = sourcecode.c.objc; path = ZZCommon.m; sourceTree = "<group>"; };
		DD82A31012EAAA0200A980DB /* ZZDebug.h */ = {isa = PBXFileReference; fileEncoding = 4; lastKnownFileType = sourcecode.c.h; path = ZZDebug.h; sourceTree = "<group>"; };
		DD82A31112EAAA0200A980DB /* ZZViewController.h */ = {isa = PBXFileReference; fileEncoding = 4; lastKnownFileType = sourcecode.c.h; path = ZZViewController.h; sourceTree = "<group>"; };
		DD82A31212EAAA0200A980DB /* ZZViewController.m */ = {isa = PBXFileReference; fileEncoding = 4; lastKnownFileType = sourcecode.c.objc; path = ZZViewController.m; sourceTree = "<group>"; };
		DD92CE7F12D5D8AB001872F6 /* ZZAppDelegate.h */ = {isa = PBXFileReference; fileEncoding = 4; lastKnownFileType = sourcecode.c.h; path = ZZAppDelegate.h; sourceTree = "<group>"; };
		DD92CE8012D5D8AB001872F6 /* ZZAppDelegate.m */ = {isa = PBXFileReference; fileEncoding = 4; lastKnownFileType = sourcecode.c.objc; path = ZZAppDelegate.m; sourceTree = "<group>"; };
		DD92CE8412D5D8E8001872F6 /* main.m */ = {isa = PBXFileReference; fileEncoding = 4; lastKnownFileType = sourcecode.c.objc; path = main.m; sourceTree = "<group>"; };
		DD92CEE612D5DC5F001872F6 /* ZZDemoViewController.h */ = {isa = PBXFileReference; fileEncoding = 4; lastKnownFileType = sourcecode.c.h; path = ZZDemoViewController.h; sourceTree = "<group>"; };
		DD92CEE712D5DC5F001872F6 /* ZZDemoViewController.m */ = {isa = PBXFileReference; fileEncoding = 4; lastKnownFileType = sourcecode.c.objc; path = ZZDemoViewController.m; sourceTree = "<group>"; };
		DDBB79F31303A184001B5F89 /* JSON.h */ = {isa = PBXFileReference; fileEncoding = 4; lastKnownFileType = sourcecode.c.h; path = JSON.h; sourceTree = "<group>"; };
		DDBB79F41303A184001B5F89 /* NSObject+SBJSON.h */ = {isa = PBXFileReference; fileEncoding = 4; lastKnownFileType = sourcecode.c.h; path = "NSObject+SBJSON.h"; sourceTree = "<group>"; };
		DDBB79F51303A184001B5F89 /* NSObject+SBJSON.m */ = {isa = PBXFileReference; fileEncoding = 4; lastKnownFileType = sourcecode.c.objc; path = "NSObject+SBJSON.m"; sourceTree = "<group>"; };
		DDBB79F61303A184001B5F89 /* NSString+SBJSON.h */ = {isa = PBXFileReference; fileEncoding = 4; lastKnownFileType = sourcecode.c.h; path = "NSString+SBJSON.h"; sourceTree = "<group>"; };
		DDBB79F71303A184001B5F89 /* NSString+SBJSON.m */ = {isa = PBXFileReference; fileEncoding = 4; lastKnownFileType = sourcecode.c.objc; path = "NSString+SBJSON.m"; sourceTree = "<group>"; };
		DDBB79F81303A184001B5F89 /* SBJsonBase.h */ = {isa = PBXFileReference; fileEncoding = 4; lastKnownFileType = sourcecode.c.h; path = SBJsonBase.h; sourceTree = "<group>"; };
		DDBB79F91303A184001B5F89 /* SBJsonBase.m */ = {isa = PBXFileReference; fileEncoding = 4; lastKnownFileType = sourcecode.c.objc; path = SBJsonBase.m; sourceTree = "<group>"; };
		DDBB79FA1303A184001B5F89 /* SBJsonParser.h */ = {isa = PBXFileReference; fileEncoding = 4; lastKnownFileType = sourcecode.c.h; path = SBJsonParser.h; sourceTree = "<group>"; };
		DDBB79FB1303A184001B5F89 /* SBJsonParser.m */ = {isa = PBXFileReference; fileEncoding = 4; lastKnownFileType = sourcecode.c.objc; path = SBJsonParser.m; sourceTree = "<group>"; };
		DDBB79FC1303A184001B5F89 /* SBJsonWriter.h */ = {isa = PBXFileReference; fileEncoding = 4; lastKnownFileType = sourcecode.c.h; path = SBJsonWriter.h; sourceTree = "<group>"; };
		DDBB79FD1303A184001B5F89 /* SBJsonWriter.m */ = {isa = PBXFileReference; fileEncoding = 4; lastKnownFileType = sourcecode.c.objc; path = SBJsonWriter.m; sourceTree = "<group>"; };
/* End PBXFileReference section */

/* Begin PBXFrameworksBuildPhase section */
		1D60588F0D05DD3D006BFB54 /* Frameworks */ = {
			isa = PBXFrameworksBuildPhase;
			buildActionMask = 2147483647;
			files = (
				1D60589F0D05DD5A006BFB54 /* Foundation.framework in Frameworks */,
				1DF5F4E00D08C38300B7A737 /* UIKit.framework in Frameworks */,
				288765FD0DF74451002DB57D /* CoreGraphics.framework in Frameworks */,
			);
			runOnlyForDeploymentPostprocessing = 0;
		};
/* End PBXFrameworksBuildPhase section */

/* Begin PBXGroup section */
		19C28FACFE9D520D11CA2CBB /* Products */ = {
			isa = PBXGroup;
			children = (
				1D6058910D05DD3D006BFB54 /* ZZ.app */,
			);
			name = Products;
			sourceTree = "<group>";
		};
		29B97314FDCFA39411CA2CEA /* CustomTemplate */ = {
			isa = PBXGroup;
			children = (
				DD82A30C12EAAA0200A980DB /* ZZLib */,
				DD92CE7E12D5D8AB001872F6 /* Demo */,
				29B97315FDCFA39411CA2CEA /* Other Sources */,
				DD92CE7612D5D70A001872F6 /* Resources */,
				29B97323FDCFA39411CA2CEA /* Frameworks */,
				19C28FACFE9D520D11CA2CBB /* Products */,
			);
			name = CustomTemplate;
			sourceTree = "<group>";
		};
		29B97315FDCFA39411CA2CEA /* Other Sources */ = {
			isa = PBXGroup;
			children = (
				32CA4F630368D1EE00C91783 /* ZZ_Prefix.pch */,
				DD92CE8412D5D8E8001872F6 /* main.m */,
			);
			name = "Other Sources";
			sourceTree = "<group>";
		};
		29B97323FDCFA39411CA2CEA /* Frameworks */ = {
			isa = PBXGroup;
			children = (
				1DF5F4DF0D08C38300B7A737 /* UIKit.framework */,
				1D30AB110D05D00D00671497 /* Foundation.framework */,
				288765FC0DF74451002DB57D /* CoreGraphics.framework */,
			);
			name = Frameworks;
			sourceTree = "<group>";
		};
		DD82A30C12EAAA0200A980DB /* ZZLib */ = {
			isa = PBXGroup;
			children = (
				DD82A30D12EAAA0200A980DB /* ZZ.h */,
				DD82A30E12EAAA0200A980DB /* ZZCommon.h */,
				DD82A30F12EAAA0200A980DB /* ZZCommon.m */,
				DD82A31012EAAA0200A980DB /* ZZDebug.h */,
				DD82A31112EAAA0200A980DB /* ZZViewController.h */,
				DD82A31212EAAA0200A980DB /* ZZViewController.m */,
				DD6EC5AA130245D900FE744A /* ZZTableController.h */,
				DD6EC5AB130245D900FE744A /* ZZTableController.m */,
			);
			path = ZZLib;
			sourceTree = "<group>";
		};
		DD92CE7612D5D70A001872F6 /* Resources */ = {
			isa = PBXGroup;
			children = (
				8D1107310486CEB800E47090 /* ZZ-Info.plist */,
			);
			name = Resources;
			sourceTree = "<group>";
		};
		DD92CE7E12D5D8AB001872F6 /* Demo */ = {
			isa = PBXGroup;
			children = (
				DDBB79F11303A184001B5F89 /* Deps */,
				DD92CE7F12D5D8AB001872F6 /* ZZAppDelegate.h */,
				DD92CE8012D5D8AB001872F6 /* ZZAppDelegate.m */,
				DD6EC58E130241F400FE744A /* ZZDemoCatalog.h */,
				DD6EC58F130241F400FE744A /* ZZDemoCatalog.m */,
				DD92CEE612D5DC5F001872F6 /* ZZDemoViewController.h */,
				DD92CEE712D5DC5F001872F6 /* ZZDemoViewController.m */,
				DD6EC5AF1302471D00FE744A /* ZZDemoTableController.h */,
				DD6EC5B01302471D00FE744A /* ZZDemoTableController.m */,
			);
			path = Demo;
			sourceTree = "<group>";
		};
		DDBB79F11303A184001B5F89 /* Deps */ = {
			isa = PBXGroup;
			children = (
				DDBB79F21303A184001B5F89 /* SBJSON */,
			);
			path = Deps;
			sourceTree = "<group>";
		};
		DDBB79F21303A184001B5F89 /* SBJSON */ = {
			isa = PBXGroup;
			children = (
				DDBB79F31303A184001B5F89 /* JSON.h */,
				DDBB79F41303A184001B5F89 /* NSObject+SBJSON.h */,
				DDBB79F51303A184001B5F89 /* NSObject+SBJSON.m */,
				DDBB79F61303A184001B5F89 /* NSString+SBJSON.h */,
				DDBB79F71303A184001B5F89 /* NSString+SBJSON.m */,
				DDBB79F81303A184001B5F89 /* SBJsonBase.h */,
				DDBB79F91303A184001B5F89 /* SBJsonBase.m */,
				DDBB79FA1303A184001B5F89 /* SBJsonParser.h */,
				DDBB79FB1303A184001B5F89 /* SBJsonParser.m */,
				DDBB79FC1303A184001B5F89 /* SBJsonWriter.h */,
				DDBB79FD1303A184001B5F89 /* SBJsonWriter.m */,
			);
			path = SBJSON;
			sourceTree = "<group>";
		};
/* End PBXGroup section */

/* Begin PBXNativeTarget section */
		1D6058900D05DD3D006BFB54 /* ZZ */ = {
			isa = PBXNativeTarget;
			buildConfigurationList = 1D6058960D05DD3E006BFB54 /* Build configuration list for PBXNativeTarget "ZZ" */;
			buildPhases = (
				1D60588D0D05DD3D006BFB54 /* Resources */,
				1D60588E0D05DD3D006BFB54 /* Sources */,
				1D60588F0D05DD3D006BFB54 /* Frameworks */,
			);
			buildRules = (
			);
			dependencies = (
			);
			name = ZZ;
			productName = ZZ;
			productReference = 1D6058910D05DD3D006BFB54 /* ZZ.app */;
			productType = "com.apple.product-type.application";
		};
/* End PBXNativeTarget section */

/* Begin PBXProject section */
		29B97313FDCFA39411CA2CEA /* Project object */ = {
			isa = PBXProject;
			buildConfigurationList = C01FCF4E08A954540054247B /* Build configuration list for PBXProject "ZZ" */;
			compatibilityVersion = "Xcode 3.1";
			developmentRegion = English;
			hasScannedForEncodings = 1;
			knownRegions = (
				English,
				Japanese,
				French,
				German,
			);
			mainGroup = 29B97314FDCFA39411CA2CEA /* CustomTemplate */;
			projectDirPath = "";
			projectRoot = "";
			targets = (
				1D6058900D05DD3D006BFB54 /* ZZ */,
			);
		};
/* End PBXProject section */

/* Begin PBXResourcesBuildPhase section */
		1D60588D0D05DD3D006BFB54 /* Resources */ = {
			isa = PBXResourcesBuildPhase;
			buildActionMask = 2147483647;
			files = (
			);
			runOnlyForDeploymentPostprocessing = 0;
		};
/* End PBXResourcesBuildPhase section */

/* Begin PBXSourcesBuildPhase section */
		1D60588E0D05DD3D006BFB54 /* Sources */ = {
			isa = PBXSourcesBuildPhase;
			buildActionMask = 2147483647;
			files = (
				DD92CE8312D5D8AB001872F6 /* ZZAppDelegate.m in Sources */,
				DD92CE8512D5D8E8001872F6 /* main.m in Sources */,
				DD92CEE812D5DC5F001872F6 /* ZZDemoViewController.m in Sources */,
				DD82A31312EAAA0200A980DB /* ZZCommon.m in Sources */,
				DD82A31412EAAA0200A980DB /* ZZViewController.m in Sources */,
				DD6EC590130241F400FE744A /* ZZDemoCatalog.m in Sources */,
				DD6EC5AC130245D900FE744A /* ZZTableController.m in Sources */,
				DD6EC5B11302471D00FE744A /* ZZDemoTableController.m in Sources */,
				DDBB79FE1303A184001B5F89 /* NSObject+SBJSON.m in Sources */,
				DDBB79FF1303A184001B5F89 /* NSString+SBJSON.m in Sources */,
				DDBB7A001303A184001B5F89 /* SBJsonBase.m in Sources */,
				DDBB7A011303A184001B5F89 /* SBJsonParser.m in Sources */,
				DDBB7A021303A184001B5F89 /* SBJsonWriter.m in Sources */,
			);
			runOnlyForDeploymentPostprocessing = 0;
		};
/* End PBXSourcesBuildPhase section */

/* Begin XCBuildConfiguration section */
		1D6058940D05DD3E006BFB54 /* Debug */ = {
			isa = XCBuildConfiguration;
			buildSettings = {
				ALWAYS_SEARCH_USER_PATHS = NO;
				COPY_PHASE_STRIP = NO;
				GCC_DYNAMIC_NO_PIC = NO;
				GCC_OPTIMIZATION_LEVEL = 0;
				GCC_PRECOMPILE_PREFIX_HEADER = YES;
				GCC_PREFIX_HEADER = ZZ_Prefix.pch;
				GCC_PREPROCESSOR_DEFINITIONS = DEBUG;
				INFOPLIST_FILE = "ZZ-Info.plist";
				PRODUCT_NAME = ZZ;
			};
			name = Debug;
		};
		1D6058950D05DD3E006BFB54 /* Release */ = {
			isa = XCBuildConfiguration;
			buildSettings = {
				ALWAYS_SEARCH_USER_PATHS = NO;
				COPY_PHASE_STRIP = YES;
				GCC_PRECOMPILE_PREFIX_HEADER = YES;
				GCC_PREFIX_HEADER = ZZ_Prefix.pch;
				INFOPLIST_FILE = "ZZ-Info.plist";
				PRODUCT_NAME = ZZ;
				VALIDATE_PRODUCT = YES;
			};
			name = Release;
		};
		C01FCF4F08A954540054247B /* Debug */ = {
			isa = XCBuildConfiguration;
			buildSettings = {
				ARCHS = "$(ARCHS_STANDARD_32_BIT)";
				"CODE_SIGN_IDENTITY[sdk=iphoneos*]" = "iPhone Developer";
				GCC_C_LANGUAGE_STANDARD = c99;
				GCC_WARN_ABOUT_RETURN_TYPE = YES;
				GCC_WARN_UNUSED_VARIABLE = YES;
				IPHONEOS_DEPLOYMENT_TARGET = 3.2;
				PREBINDING = NO;
				SDKROOT = iphoneos4.1;
				TARGETED_DEVICE_FAMILY = "1,2";
			};
			name = Debug;
		};
		C01FCF5008A954540054247B /* Release */ = {
			isa = XCBuildConfiguration;
			buildSettings = {
				ARCHS = "$(ARCHS_STANDARD_32_BIT)";
				"CODE_SIGN_IDENTITY[sdk=iphoneos*]" = "iPhone Developer";
				GCC_C_LANGUAGE_STANDARD = c99;
				GCC_WARN_ABOUT_RETURN_TYPE = YES;
				GCC_WARN_UNUSED_VARIABLE = YES;
				IPHONEOS_DEPLOYMENT_TARGET = 3.2;
				OTHER_CFLAGS = "-DNS_BLOCK_ASSERTIONS=1";
				PREBINDING = NO;
				SDKROOT = iphoneos4.1;
				TARGETED_DEVICE_FAMILY = "1,2";
			};
			name = Release;
		};
/* End XCBuildConfiguration section */

/* Begin XCConfigurationList section */
		1D6058960D05DD3E006BFB54 /* Build configuration list for PBXNativeTarget "ZZ" */ = {
			isa = XCConfigurationList;
			buildConfigurations = (
				1D6058940D05DD3E006BFB54 /* Debug */,
				1D6058950D05DD3E006BFB54 /* Release */,
			);
			defaultConfigurationIsVisible = 0;
			defaultConfigurationName = Release;
		};
		C01FCF4E08A954540054247B /* Build configuration list for PBXProject "ZZ" */ = {
			isa = XCConfigurationList;
			buildConfigurations = (
				C01FCF4F08A954540054247B /* Debug */,
				C01FCF5008A954540054247B /* Release */,
			);
			defaultConfigurationIsVisible = 0;
			defaultConfigurationName = Release;
		};
/* End XCConfigurationList section */
	};
	rootObject = 29B97313FDCFA39411CA2CEA /* Project object */;
}
