// !$*UTF8*$!
{
	archiveVersion = 1;
	classes = {
	};
	objectVersion = 46;
	objects = {

/* Begin PBXBuildFile section */
		1D60589F0D05DD5A006BFB54 /* Foundation.framework in Frameworks */ = {isa = PBXBuildFile; fileRef = 1D30AB110D05D00D00671497 /* Foundation.framework */; };
		1DF5F4E00D08C38300B7A737 /* UIKit.framework in Frameworks */ = {isa = PBXBuildFile; fileRef = 1DF5F4DF0D08C38300B7A737 /* UIKit.framework */; };
		288765FD0DF74451002DB57D /* CoreGraphics.framework in Frameworks */ = {isa = PBXBuildFile; fileRef = 288765FC0DF74451002DB57D /* CoreGraphics.framework */; };
		DD08DA9316F05C8200A17DFE /* ZZText.m in Sources */ = {isa = PBXBuildFile; fileRef = DD08DA9216F05C8200A17DFE /* ZZText.m */; };
		DD4F9E181846D1AC00F12E63 /* ZZRequestQueue.m in Sources */ = {isa = PBXBuildFile; fileRef = DD4F9E171846D1AC00F12E63 /* ZZRequestQueue.m */; };
		DD6EC590130241F400FE744A /* ZZDemoCatalog.m in Sources */ = {isa = PBXBuildFile; fileRef = DD6EC58F130241F400FE744A /* ZZDemoCatalog.m */; };
		DD6EC5AC130245D900FE744A /* ZZTableController.m in Sources */ = {isa = PBXBuildFile; fileRef = DD6EC5AB130245D900FE744A /* ZZTableController.m */; };
		DD6EC5B11302471D00FE744A /* ZZDemoTableController.m in Sources */ = {isa = PBXBuildFile; fileRef = DD6EC5B01302471D00FE744A /* ZZDemoTableController.m */; };
		DD82A31312EAAA0200A980DB /* ZZCommon.m in Sources */ = {isa = PBXBuildFile; fileRef = DD82A30F12EAAA0200A980DB /* ZZCommon.m */; };
		DD82A31412EAAA0200A980DB /* ZZViewController.m in Sources */ = {isa = PBXBuildFile; fileRef = DD82A31212EAAA0200A980DB /* ZZViewController.m */; };
		DD8712B913E3CECA004B4FD9 /* loading.png in Resources */ = {isa = PBXBuildFile; fileRef = DD8712B813E3CECA004B4FD9 /* loading.png */; };
		DD8712BB13E3CFCE004B4FD9 /* monkey.jpg in Resources */ = {isa = PBXBuildFile; fileRef = DD8712BA13E3CFCD004B4FD9 /* monkey.jpg */; };
		DD8F9ADF1321D45000CEDB4E /* ZZJSONRequest.m in Sources */ = {isa = PBXBuildFile; fileRef = DD8F9ADE1321D45000CEDB4E /* ZZJSONRequest.m */; };
		DD8F9BDF1321E99400CEDB4E /* README.markdown in Resources */ = {isa = PBXBuildFile; fileRef = DD8F9BDE1321E99400CEDB4E /* README.markdown */; };
		DD92CE8312D5D8AB001872F6 /* ZZAppDelegate.m in Sources */ = {isa = PBXBuildFile; fileRef = DD92CE8012D5D8AB001872F6 /* ZZAppDelegate.m */; };
		DD92CE8512D5D8E8001872F6 /* main.m in Sources */ = {isa = PBXBuildFile; fileRef = DD92CE8412D5D8E8001872F6 /* main.m */; };
		DD92CEE812D5DC5F001872F6 /* ZZDemoViewController.m in Sources */ = {isa = PBXBuildFile; fileRef = DD92CEE712D5DC5F001872F6 /* ZZDemoViewController.m */; };
		DDA6FA191558BDF500CEEC33 /* ZZWebController.m in Sources */ = {isa = PBXBuildFile; fileRef = DDA6FA181558BDF500CEEC33 /* ZZWebController.m */; };
		DDA6FA261558D21700CEEC33 /* back.png in Resources */ = {isa = PBXBuildFile; fileRef = DDA6FA221558D21700CEEC33 /* back.png */; };
		DDA6FA271558D21700CEEC33 /* back@2x.png in Resources */ = {isa = PBXBuildFile; fileRef = DDA6FA231558D21700CEEC33 /* back@2x.png */; };
		DDA6FA281558D21700CEEC33 /* forw.png in Resources */ = {isa = PBXBuildFile; fileRef = DDA6FA241558D21700CEEC33 /* forw.png */; };
		DDA6FA291558D21700CEEC33 /* forw@2x.png in Resources */ = {isa = PBXBuildFile; fileRef = DDA6FA251558D21700CEEC33 /* forw@2x.png */; };
		DDA81AAB13500C70001FEF6A /* appledoc.plist in Resources */ = {isa = PBXBuildFile; fileRef = DDA81AAA13500C70001FEF6A /* appledoc.plist */; };
		DDAC1293135696E00033A7C1 /* ZZTableViewCell.m in Sources */ = {isa = PBXBuildFile; fileRef = DDAC1292135696E00033A7C1 /* ZZTableViewCell.m */; };
		DDAC1296135697280033A7C1 /* ZZImageView.m in Sources */ = {isa = PBXBuildFile; fileRef = DDAC1295135697270033A7C1 /* ZZImageView.m */; };
		DDC3AF681845CFC400C97B64 /* UIView+ZZFontSetter.m in Sources */ = {isa = PBXBuildFile; fileRef = DDC3AF671845CFC400C97B64 /* UIView+ZZFontSetter.m */; };
		DDC4CB0D13DEDF4000EB7D07 /* ZZActivityIndicator.m in Sources */ = {isa = PBXBuildFile; fileRef = DDC4CB0C13DEDF4000EB7D07 /* ZZActivityIndicator.m */; };
		DDF3839616C4C96200F16CA4 /* ZZURLHelper.m in Sources */ = {isa = PBXBuildFile; fileRef = DDF3839516C4C96200F16CA4 /* ZZURLHelper.m */; };
		DDFCF23B16C38D70005B76C8 /* Default-568h@2x.png in Resources */ = {isa = PBXBuildFile; fileRef = DDFCF23A16C38D70005B76C8 /* Default-568h@2x.png */; };
/* End PBXBuildFile section */

/* Begin PBXFileReference section */
		1D30AB110D05D00D00671497 /* Foundation.framework */ = {isa = PBXFileReference; lastKnownFileType = wrapper.framework; name = Foundation.framework; path = System/Library/Frameworks/Foundation.framework; sourceTree = SDKROOT; };
		1D6058910D05DD3D006BFB54 /* ZZ.app */ = {isa = PBXFileReference; explicitFileType = wrapper.application; includeInIndex = 0; path = ZZ.app; sourceTree = BUILT_PRODUCTS_DIR; };
		1DF5F4DF0D08C38300B7A737 /* UIKit.framework */ = {isa = PBXFileReference; lastKnownFileType = wrapper.framework; name = UIKit.framework; path = System/Library/Frameworks/UIKit.framework; sourceTree = SDKROOT; };
		288765FC0DF74451002DB57D /* CoreGraphics.framework */ = {isa = PBXFileReference; lastKnownFileType = wrapper.framework; name = CoreGraphics.framework; path = System/Library/Frameworks/CoreGraphics.framework; sourceTree = SDKROOT; };
		32CA4F630368D1EE00C91783 /* ZZ_Prefix.pch */ = {isa = PBXFileReference; fileEncoding = 4; lastKnownFileType = sourcecode.c.h; path = ZZ_Prefix.pch; sourceTree = "<group>"; };
		8D1107310486CEB800E47090 /* ZZ-Info.plist */ = {isa = PBXFileReference; fileEncoding = 4; lastKnownFileType = text.plist.xml; path = "ZZ-Info.plist"; plistStructureDefinitionIdentifier = "com.apple.xcode.plist.structure-definition.iphone.info-plist"; sourceTree = "<group>"; };
		DD08DA9116F05C8200A17DFE /* ZZText.h */ = {isa = PBXFileReference; fileEncoding = 4; lastKnownFileType = sourcecode.c.h; path = ZZText.h; sourceTree = "<group>"; };
		DD08DA9216F05C8200A17DFE /* ZZText.m */ = {isa = PBXFileReference; fileEncoding = 4; lastKnownFileType = sourcecode.c.objc; path = ZZText.m; sourceTree = "<group>"; };
		DD116E8A1470AFEF00714C77 /* ZZImageDelegate.h */ = {isa = PBXFileReference; fileEncoding = 4; lastKnownFileType = sourcecode.c.h; path = ZZImageDelegate.h; sourceTree = "<group>"; };
		DD4F9E161846D1AC00F12E63 /* ZZRequestQueue.h */ = {isa = PBXFileReference; fileEncoding = 4; lastKnownFileType = sourcecode.c.h; path = ZZRequestQueue.h; sourceTree = "<group>"; };
		DD4F9E171846D1AC00F12E63 /* ZZRequestQueue.m */ = {isa = PBXFileReference; fileEncoding = 4; lastKnownFileType = sourcecode.c.objc; path = ZZRequestQueue.m; sourceTree = "<group>"; };
		DD6EC58E130241F400FE744A /* ZZDemoCatalog.h */ = {isa = PBXFileReference; fileEncoding = 4; lastKnownFileType = sourcecode.c.h; path = ZZDemoCatalog.h; sourceTree = "<group>"; };
		DD6EC58F130241F400FE744A /* ZZDemoCatalog.m */ = {isa = PBXFileReference; fileEncoding = 4; lastKnownFileType = sourcecode.c.objc; path = ZZDemoCatalog.m; sourceTree = "<group>"; };
		DD6EC5AA130245D900FE744A /* ZZTableController.h */ = {isa = PBXFileReference; fileEncoding = 4; lastKnownFileType = sourcecode.c.h; path = ZZTableController.h; sourceTree = "<group>"; };
		DD6EC5AB130245D900FE744A /* ZZTableController.m */ = {isa = PBXFileReference; fileEncoding = 4; lastKnownFileType = sourcecode.c.objc; path = ZZTableController.m; sourceTree = "<group>"; };
		DD6EC5AF1302471D00FE744A /* ZZDemoTableController.h */ = {isa = PBXFileReference; fileEncoding = 4; lastKnownFileType = sourcecode.c.h; path = ZZDemoTableController.h; sourceTree = "<group>"; };
		DD6EC5B01302471D00FE744A /* ZZDemoTableController.m */ = {isa = PBXFileReference; fileEncoding = 4; lastKnownFileType = sourcecode.c.objc; path = ZZDemoTableController.m; sourceTree = "<group>"; };
		DD82A30D12EAAA0200A980DB /* ZZ.h */ = {isa = PBXFileReference; fileEncoding = 4; lastKnownFileType = sourcecode.c.h; path = ZZ.h; sourceTree = "<group>"; };
		DD82A30E12EAAA0200A980DB /* ZZCommon.h */ = {isa = PBXFileReference; fileEncoding = 4; lastKnownFileType = sourcecode.c.h; path = ZZCommon.h; sourceTree = "<group>"; };
		DD82A30F12EAAA0200A980DB /* ZZCommon.m */ = {isa = PBXFileReference; fileEncoding = 4; lastKnownFileType = sourcecode.c.objc; path = ZZCommon.m; sourceTree = "<group>"; };
		DD82A31012EAAA0200A980DB /* ZZDebug.h */ = {isa = PBXFileReference; fileEncoding = 4; lastKnownFileType = sourcecode.c.h; path = ZZDebug.h; sourceTree = "<group>"; };
		DD82A31112EAAA0200A980DB /* ZZViewController.h */ = {isa = PBXFileReference; fileEncoding = 4; lastKnownFileType = sourcecode.c.h; path = ZZViewController.h; sourceTree = "<group>"; };
		DD82A31212EAAA0200A980DB /* ZZViewController.m */ = {isa = PBXFileReference; fileEncoding = 4; lastKnownFileType = sourcecode.c.objc; path = ZZViewController.m; sourceTree = "<group>"; };
		DD8712B813E3CECA004B4FD9 /* loading.png */ = {isa = PBXFileReference; lastKnownFileType = image.png; path = loading.png; sourceTree = "<group>"; };
		DD8712BA13E3CFCD004B4FD9 /* monkey.jpg */ = {isa = PBXFileReference; lastKnownFileType = image.jpeg; path = monkey.jpg; sourceTree = "<group>"; };
		DD8F9ADD1321D45000CEDB4E /* ZZJSONRequest.h */ = {isa = PBXFileReference; fileEncoding = 4; lastKnownFileType = sourcecode.c.h; path = ZZJSONRequest.h; sourceTree = "<group>"; };
		DD8F9ADE1321D45000CEDB4E /* ZZJSONRequest.m */ = {isa = PBXFileReference; fileEncoding = 4; lastKnownFileType = sourcecode.c.objc; path = ZZJSONRequest.m; sourceTree = "<group>"; };
		DD8F9B761321DA4E00CEDB4E /* ZZJSONRequestDelegate.h */ = {isa = PBXFileReference; fileEncoding = 4; lastKnownFileType = sourcecode.c.h; path = ZZJSONRequestDelegate.h; sourceTree = "<group>"; };
		DD8F9BDE1321E99400CEDB4E /* README.markdown */ = {isa = PBXFileReference; fileEncoding = 4; lastKnownFileType = text; path = README.markdown; sourceTree = "<group>"; };
		DD92CE7F12D5D8AB001872F6 /* ZZAppDelegate.h */ = {isa = PBXFileReference; fileEncoding = 4; lastKnownFileType = sourcecode.c.h; path = ZZAppDelegate.h; sourceTree = "<group>"; };
		DD92CE8012D5D8AB001872F6 /* ZZAppDelegate.m */ = {isa = PBXFileReference; fileEncoding = 4; lastKnownFileType = sourcecode.c.objc; path = ZZAppDelegate.m; sourceTree = "<group>"; };
		DD92CE8412D5D8E8001872F6 /* main.m */ = {isa = PBXFileReference; fileEncoding = 4; lastKnownFileType = sourcecode.c.objc; path = main.m; sourceTree = "<group>"; };
		DD92CEE612D5DC5F001872F6 /* ZZDemoViewController.h */ = {isa = PBXFileReference; fileEncoding = 4; lastKnownFileType = sourcecode.c.h; path = ZZDemoViewController.h; sourceTree = "<group>"; };
		DD92CEE712D5DC5F001872F6 /* ZZDemoViewController.m */ = {isa = PBXFileReference; fileEncoding = 4; lastKnownFileType = sourcecode.c.objc; path = ZZDemoViewController.m; sourceTree = "<group>"; };
		DDA6FA171558BDF500CEEC33 /* ZZWebController.h */ = {isa = PBXFileReference; fileEncoding = 4; lastKnownFileType = sourcecode.c.h; path = ZZWebController.h; sourceTree = "<group>"; };
		DDA6FA181558BDF500CEEC33 /* ZZWebController.m */ = {isa = PBXFileReference; fileEncoding = 4; lastKnownFileType = sourcecode.c.objc; path = ZZWebController.m; sourceTree = "<group>"; };
		DDA6FA221558D21700CEEC33 /* back.png */ = {isa = PBXFileReference; lastKnownFileType = image.png; path = back.png; sourceTree = "<group>"; };
		DDA6FA231558D21700CEEC33 /* back@2x.png */ = {isa = PBXFileReference; lastKnownFileType = image.png; path = "back@2x.png"; sourceTree = "<group>"; };
		DDA6FA241558D21700CEEC33 /* forw.png */ = {isa = PBXFileReference; lastKnownFileType = image.png; path = forw.png; sourceTree = "<group>"; };
		DDA6FA251558D21700CEEC33 /* forw@2x.png */ = {isa = PBXFileReference; lastKnownFileType = image.png; path = "forw@2x.png"; sourceTree = "<group>"; };
		DDA6FA2A1558D4A600CEEC33 /* ZZWebDelegate.h */ = {isa = PBXFileReference; lastKnownFileType = sourcecode.c.h; path = ZZWebDelegate.h; sourceTree = "<group>"; };
		DDA81AAA13500C70001FEF6A /* appledoc.plist */ = {isa = PBXFileReference; fileEncoding = 4; lastKnownFileType = text.plist.xml; name = appledoc.plist; path = docs/appledoc.plist; sourceTree = "<group>"; };
		DDAC1291135696E00033A7C1 /* ZZTableViewCell.h */ = {isa = PBXFileReference; fileEncoding = 4; lastKnownFileType = sourcecode.c.h; path = ZZTableViewCell.h; sourceTree = "<group>"; };
		DDAC1292135696E00033A7C1 /* ZZTableViewCell.m */ = {isa = PBXFileReference; fileEncoding = 4; lastKnownFileType = sourcecode.c.objc; path = ZZTableViewCell.m; sourceTree = "<group>"; };
		DDAC1294135697270033A7C1 /* ZZImageView.h */ = {isa = PBXFileReference; fileEncoding = 4; lastKnownFileType = sourcecode.c.h; path = ZZImageView.h; sourceTree = "<group>"; };
		DDAC1295135697270033A7C1 /* ZZImageView.m */ = {isa = PBXFileReference; fileEncoding = 4; lastKnownFileType = sourcecode.c.objc; path = ZZImageView.m; sourceTree = "<group>"; };
		DDC3AF661845CFC400C97B64 /* UIView+ZZFontSetter.h */ = {isa = PBXFileReference; fileEncoding = 4; lastKnownFileType = sourcecode.c.h; path = "UIView+ZZFontSetter.h"; sourceTree = "<group>"; };
		DDC3AF671845CFC400C97B64 /* UIView+ZZFontSetter.m */ = {isa = PBXFileReference; fileEncoding = 4; lastKnownFileType = sourcecode.c.objc; path = "UIView+ZZFontSetter.m"; sourceTree = "<group>"; };
		DDC4CB0B13DEDF4000EB7D07 /* ZZActivityIndicator.h */ = {isa = PBXFileReference; fileEncoding = 4; lastKnownFileType = sourcecode.c.h; path = ZZActivityIndicator.h; sourceTree = "<group>"; };
		DDC4CB0C13DEDF4000EB7D07 /* ZZActivityIndicator.m */ = {isa = PBXFileReference; fileEncoding = 4; lastKnownFileType = sourcecode.c.objc; path = ZZActivityIndicator.m; sourceTree = "<group>"; };
		DDF3839416C4C96200F16CA4 /* ZZURLHelper.h */ = {isa = PBXFileReference; fileEncoding = 4; lastKnownFileType = sourcecode.c.h; path = ZZURLHelper.h; sourceTree = "<group>"; };
		DDF3839516C4C96200F16CA4 /* ZZURLHelper.m */ = {isa = PBXFileReference; fileEncoding = 4; lastKnownFileType = sourcecode.c.objc; path = ZZURLHelper.m; sourceTree = "<group>"; };
		DDFCF23A16C38D70005B76C8 /* Default-568h@2x.png */ = {isa = PBXFileReference; lastKnownFileType = image.png; name = "Default-568h@2x.png"; path = "../Default-568h@2x.png"; sourceTree = "<group>"; };
/* End PBXFileReference section */

/* Begin PBXFrameworksBuildPhase section */
		1D60588F0D05DD3D006BFB54 /* Frameworks */ = {
			isa = PBXFrameworksBuildPhase;
			buildActionMask = 2147483647;
			files = (
				1D60589F0D05DD5A006BFB54 /* Foundation.framework in Frameworks */,
				1DF5F4E00D08C38300B7A737 /* UIKit.framework in Frameworks */,
				288765FD0DF74451002DB57D /* CoreGraphics.framework in Frameworks */,
			);
			runOnlyForDeploymentPostprocessing = 0;
		};
/* End PBXFrameworksBuildPhase section */

/* Begin PBXGroup section */
		19C28FACFE9D520D11CA2CBB /* Products */ = {
			isa = PBXGroup;
			children = (
				1D6058910D05DD3D006BFB54 /* ZZ.app */,
			);
			name = Products;
			sourceTree = "<group>";
		};
		29B97314FDCFA39411CA2CEA /* CustomTemplate */ = {
			isa = PBXGroup;
			children = (
				DDA81AA913500C2D001FEF6A /* Docs */,
				DD82A30C12EAAA0200A980DB /* ZZLib */,
				DD92CE7E12D5D8AB001872F6 /* Demo */,
				29B97315FDCFA39411CA2CEA /* Other Sources */,
				DD92CE7612D5D70A001872F6 /* Resources */,
				29B97323FDCFA39411CA2CEA /* Frameworks */,
				19C28FACFE9D520D11CA2CBB /* Products */,
			);
			name = CustomTemplate;
			sourceTree = "<group>";
		};
		29B97315FDCFA39411CA2CEA /* Other Sources */ = {
			isa = PBXGroup;
			children = (
				32CA4F630368D1EE00C91783 /* ZZ_Prefix.pch */,
				DD92CE8412D5D8E8001872F6 /* main.m */,
			);
			name = "Other Sources";
			sourceTree = "<group>";
		};
		29B97323FDCFA39411CA2CEA /* Frameworks */ = {
			isa = PBXGroup;
			children = (
				1DF5F4DF0D08C38300B7A737 /* UIKit.framework */,
				1D30AB110D05D00D00671497 /* Foundation.framework */,
				288765FC0DF74451002DB57D /* CoreGraphics.framework */,
			);
			name = Frameworks;
			sourceTree = "<group>";
		};
		DD82A30C12EAAA0200A980DB /* ZZLib */ = {
			isa = PBXGroup;
			children = (
				DDF3839416C4C96200F16CA4 /* ZZURLHelper.h */,
				DDF3839516C4C96200F16CA4 /* ZZURLHelper.m */,
				DD82A30D12EAAA0200A980DB /* ZZ.h */,
				DD82A30E12EAAA0200A980DB /* ZZCommon.h */,
				DD82A30F12EAAA0200A980DB /* ZZCommon.m */,
				DD82A31012EAAA0200A980DB /* ZZDebug.h */,
				DD82A31112EAAA0200A980DB /* ZZViewController.h */,
				DD82A31212EAAA0200A980DB /* ZZViewController.m */,
				DD6EC5AA130245D900FE744A /* ZZTableController.h */,
				DD6EC5AB130245D900FE744A /* ZZTableController.m */,
				DD8F9ADD1321D45000CEDB4E /* ZZJSONRequest.h */,
				DD8F9ADE1321D45000CEDB4E /* ZZJSONRequest.m */,
				DD8F9B761321DA4E00CEDB4E /* ZZJSONRequestDelegate.h */,
				DD4F9E161846D1AC00F12E63 /* ZZRequestQueue.h */,
				DD4F9E171846D1AC00F12E63 /* ZZRequestQueue.m */,
				DDAC1291135696E00033A7C1 /* ZZTableViewCell.h */,
				DDAC1292135696E00033A7C1 /* ZZTableViewCell.m */,
				DDAC1294135697270033A7C1 /* ZZImageView.h */,
				DDAC1295135697270033A7C1 /* ZZImageView.m */,
				DD116E8A1470AFEF00714C77 /* ZZImageDelegate.h */,
				DDC4CB0B13DEDF4000EB7D07 /* ZZActivityIndicator.h */,
				DDC4CB0C13DEDF4000EB7D07 /* ZZActivityIndicator.m */,
				DDA6FA171558BDF500CEEC33 /* ZZWebController.h */,
				DDA6FA181558BDF500CEEC33 /* ZZWebController.m */,
				DDA6FA2A1558D4A600CEEC33 /* ZZWebDelegate.h */,
				DDA6FA221558D21700CEEC33 /* back.png */,
				DDA6FA231558D21700CEEC33 /* back@2x.png */,
				DDA6FA241558D21700CEEC33 /* forw.png */,
				DDA6FA251558D21700CEEC33 /* forw@2x.png */,
				DD8712B813E3CECA004B4FD9 /* loading.png */,
				DD08DA9116F05C8200A17DFE /* ZZText.h */,
				DD08DA9216F05C8200A17DFE /* ZZText.m */,
				DDC3AF661845CFC400C97B64 /* UIView+ZZFontSetter.h */,
				DDC3AF671845CFC400C97B64 /* UIView+ZZFontSetter.m */,
			);
			path = ZZLib;
			sourceTree = "<group>";
		};
		DD92CE7612D5D70A001872F6 /* Resources */ = {
			isa = PBXGroup;
			children = (
				8D1107310486CEB800E47090 /* ZZ-Info.plist */,
			);
			name = Resources;
			sourceTree = "<group>";
		};
		DD92CE7E12D5D8AB001872F6 /* Demo */ = {
			isa = PBXGroup;
			children = (
				DD92CE7F12D5D8AB001872F6 /* ZZAppDelegate.h */,
				DD92CE8012D5D8AB001872F6 /* ZZAppDelegate.m */,
				DD6EC58E130241F400FE744A /* ZZDemoCatalog.h */,
				DD6EC58F130241F400FE744A /* ZZDemoCatalog.m */,
				DD92CEE612D5DC5F001872F6 /* ZZDemoViewController.h */,
				DD92CEE712D5DC5F001872F6 /* ZZDemoViewController.m */,
				DD6EC5AF1302471D00FE744A /* ZZDemoTableController.h */,
				DD6EC5B01302471D00FE744A /* ZZDemoTableController.m */,
				DD8712BA13E3CFCD004B4FD9 /* monkey.jpg */,
				DDFCF23A16C38D70005B76C8 /* Default-568h@2x.png */,
			);
			path = Demo;
			sourceTree = "<group>";
		};
		DDA81AA913500C2D001FEF6A /* Docs */ = {
			isa = PBXGroup;
			children = (
				DDA81AAA13500C70001FEF6A /* appledoc.plist */,
				DD8F9BDE1321E99400CEDB4E /* README.markdown */,
			);
			name = Docs;
			sourceTree = "<group>";
		};
/* End PBXGroup section */

/* Begin PBXNativeTarget section */
		1D6058900D05DD3D006BFB54 /* ZZ */ = {
			isa = PBXNativeTarget;
			buildConfigurationList = 1D6058960D05DD3E006BFB54 /* Build configuration list for PBXNativeTarget "ZZ" */;
			buildPhases = (
				1D60588D0D05DD3D006BFB54 /* Resources */,
				1D60588E0D05DD3D006BFB54 /* Sources */,
				1D60588F0D05DD3D006BFB54 /* Frameworks */,
			);
			buildRules = (
			);
			dependencies = (
			);
			name = ZZ;
			productName = ZZ;
			productReference = 1D6058910D05DD3D006BFB54 /* ZZ.app */;
			productType = "com.apple.product-type.application";
		};
/* End PBXNativeTarget section */

/* Begin PBXProject section */
		29B97313FDCFA39411CA2CEA /* Project object */ = {
			isa = PBXProject;
			attributes = {
				LastUpgradeCheck = 0500;
			};
			buildConfigurationList = C01FCF4E08A954540054247B /* Build configuration list for PBXProject "ZZ" */;
			compatibilityVersion = "Xcode 3.2";
			developmentRegion = English;
			hasScannedForEncodings = 1;
			knownRegions = (
				English,
				Japanese,
				French,
				German,
			);
			mainGroup = 29B97314FDCFA39411CA2CEA /* CustomTemplate */;
			projectDirPath = "";
			projectRoot = "";
			targets = (
				1D6058900D05DD3D006BFB54 /* ZZ */,
			);
		};
/* End PBXProject section */

/* Begin PBXResourcesBuildPhase section */
		1D60588D0D05DD3D006BFB54 /* Resources */ = {
			isa = PBXResourcesBuildPhase;
			buildActionMask = 2147483647;
			files = (
				DD8F9BDF1321E99400CEDB4E /* README.markdown in Resources */,
				DDA81AAB13500C70001FEF6A /* appledoc.plist in Resources */,
				DD8712B913E3CECA004B4FD9 /* loading.png in Resources */,
				DD8712BB13E3CFCE004B4FD9 /* monkey.jpg in Resources */,
				DDA6FA261558D21700CEEC33 /* back.png in Resources */,
				DDA6FA271558D21700CEEC33 /* back@2x.png in Resources */,
				DDA6FA281558D21700CEEC33 /* forw.png in Resources */,
				DDA6FA291558D21700CEEC33 /* forw@2x.png in Resources */,
				DDFCF23B16C38D70005B76C8 /* Default-568h@2x.png in Resources */,
			);
			runOnlyForDeploymentPostprocessing = 0;
		};
/* End PBXResourcesBuildPhase section */

/* Begin PBXSourcesBuildPhase section */
		1D60588E0D05DD3D006BFB54 /* Sources */ = {
			isa = PBXSourcesBuildPhase;
			buildActionMask = 2147483647;
			files = (
				DDC3AF681845CFC400C97B64 /* UIView+ZZFontSetter.m in Sources */,
				DD92CE8312D5D8AB001872F6 /* ZZAppDelegate.m in Sources */,
				DD92CE8512D5D8E8001872F6 /* main.m in Sources */,
				DD92CEE812D5DC5F001872F6 /* ZZDemoViewController.m in Sources */,
				DD82A31312EAAA0200A980DB /* ZZCommon.m in Sources */,
				DD82A31412EAAA0200A980DB /* ZZViewController.m in Sources */,
				DD6EC590130241F400FE744A /* ZZDemoCatalog.m in Sources */,
				DD6EC5AC130245D900FE744A /* ZZTableController.m in Sources */,
				DD6EC5B11302471D00FE744A /* ZZDemoTableController.m in Sources */,
				DD8F9ADF1321D45000CEDB4E /* ZZJSONRequest.m in Sources */,
				DDAC1293135696E00033A7C1 /* ZZTableViewCell.m in Sources */,
				DDAC1296135697280033A7C1 /* ZZImageView.m in Sources */,
				DDC4CB0D13DEDF4000EB7D07 /* ZZActivityIndicator.m in Sources */,
				DDA6FA191558BDF500CEEC33 /* ZZWebController.m in Sources */,
				DDF3839616C4C96200F16CA4 /* ZZURLHelper.m in Sources */,
				DD08DA9316F05C8200A17DFE /* ZZText.m in Sources */,
				DD4F9E181846D1AC00F12E63 /* ZZRequestQueue.m in Sources */,
			);
			runOnlyForDeploymentPostprocessing = 0;
		};
/* End PBXSourcesBuildPhase section */

/* Begin XCBuildConfiguration section */
		1D6058940D05DD3E006BFB54 /* Debug */ = {
			isa = XCBuildConfiguration;
			buildSettings = {
				ALWAYS_SEARCH_USER_PATHS = NO;
				CLANG_ENABLE_OBJC_ARC = YES;
				CODE_SIGN_ENTITLEMENTS = "";
				CODE_SIGN_IDENTITY = "";
				"CODE_SIGN_IDENTITY[sdk=iphoneos*]" = "";
				COPY_PHASE_STRIP = NO;
				GCC_DYNAMIC_NO_PIC = NO;
				GCC_OPTIMIZATION_LEVEL = 0;
				GCC_PRECOMPILE_PREFIX_HEADER = YES;
				GCC_PREFIX_HEADER = ZZ_Prefix.pch;
				GCC_PREPROCESSOR_DEFINITIONS = DEBUG;
				INFOPLIST_FILE = "ZZ-Info.plist";
				IPHONEOS_DEPLOYMENT_TARGET = 4.2;
				PRODUCT_NAME = ZZ;
				SDKROOT = iphoneos;
			};
			name = Debug;
		};
		1D6058950D05DD3E006BFB54 /* Release */ = {
			isa = XCBuildConfiguration;
			buildSettings = {
				ALWAYS_SEARCH_USER_PATHS = NO;
				CLANG_ENABLE_OBJC_ARC = YES;
				CODE_SIGN_ENTITLEMENTS = "";
				CODE_SIGN_IDENTITY = "";
				"CODE_SIGN_IDENTITY[sdk=iphoneos*]" = "";
				COPY_PHASE_STRIP = YES;
				GCC_PRECOMPILE_PREFIX_HEADER = YES;
				GCC_PREFIX_HEADER = ZZ_Prefix.pch;
				INFOPLIST_FILE = "ZZ-Info.plist";
				IPHONEOS_DEPLOYMENT_TARGET = 4.2;
				PRODUCT_NAME = ZZ;
				SDKROOT = iphoneos;
				VALIDATE_PRODUCT = YES;
			};
			name = Release;
		};
		C01FCF4F08A954540054247B /* Debug */ = {
			isa = XCBuildConfiguration;
			buildSettings = {
				"CODE_SIGN_IDENTITY[sdk=iphoneos*]" = "iPhone Developer";
				GCC_C_LANGUAGE_STANDARD = c99;
				GCC_WARN_ABOUT_RETURN_TYPE = YES;
				GCC_WARN_UNUSED_VARIABLE = YES;
				IPHONEOS_DEPLOYMENT_TARGET = 4.3;
				ONLY_ACTIVE_ARCH = YES;
				SDKROOT = iphoneos;
				TARGETED_DEVICE_FAMILY = "1,2";
			};
			name = Debug;
		};
		C01FCF5008A954540054247B /* Release */ = {
			isa = XCBuildConfiguration;
			buildSettings = {
				"CODE_SIGN_IDENTITY[sdk=iphoneos*]" = "iPhone Developer";
				GCC_C_LANGUAGE_STANDARD = c99;
				GCC_WARN_ABOUT_RETURN_TYPE = YES;
				GCC_WARN_UNUSED_VARIABLE = YES;
				IPHONEOS_DEPLOYMENT_TARGET = 4.3;
				OTHER_CFLAGS = "-DNS_BLOCK_ASSERTIONS=1";
				SDKROOT = iphoneos;
				TARGETED_DEVICE_FAMILY = "1,2";
			};
			name = Release;
		};
/* End XCBuildConfiguration section */

/* Begin XCConfigurationList section */
		1D6058960D05DD3E006BFB54 /* Build configuration list for PBXNativeTarget "ZZ" */ = {
			isa = XCConfigurationList;
			buildConfigurations = (
				1D6058940D05DD3E006BFB54 /* Debug */,
				1D6058950D05DD3E006BFB54 /* Release */,
			);
			defaultConfigurationIsVisible = 0;
			defaultConfigurationName = Release;
		};
		C01FCF4E08A954540054247B /* Build configuration list for PBXProject "ZZ" */ = {
			isa = XCConfigurationList;
			buildConfigurations = (
				C01FCF4F08A954540054247B /* Debug */,
				C01FCF5008A954540054247B /* Release */,
			);
			defaultConfigurationIsVisible = 0;
			defaultConfigurationName = Release;
		};
/* End XCConfigurationList section */
	};
	rootObject = 29B97313FDCFA39411CA2CEA /* Project object */;
}
